
Microsoft Visual Studio Solution File, Format Version 12.00
# Visual Studio Version 16
VisualStudioVersion = 16.0.29920.165
MinimumVisualStudioVersion = 10.0.40219.1
Project("{FAE04EC0-301F-11D3-BF4B-00C04F79EFBC}") = "OphængningAfForender", "OphængningAfForender\OphængningAfForender.csproj", "{E5DDC714-5A35-4F4D-87A3-94E9D7B63ED3}"
EndProject
Global
	GlobalSection(SolutionConfigurationPlatforms) = preSolution
		Debug|Any CPU = Debug|Any CPU
		Release|Any CPU = Release|Any CPU
	EndGlobalSection
	GlobalSection(ProjectConfigurationPlatforms) = postSolution
		{E5DDC714-5A35-4F4D-87A3-94E9D7B63ED3}.Debug|Any CPU.ActiveCfg = Debug|Any CPU
		{E5DDC714-5A35-4F4D-87A3-94E9D7B63ED3}.Debug|Any CPU.Build.0 = Debug|Any CPU
		{E5DDC714-5A35-4F4D-87A3-94E9D7B63ED3}.Release|Any CPU.ActiveCfg = Release|Any CPU
		{E5DDC714-5A35-4F4D-87A3-94E9D7B63ED3}.Release|Any CPU.Build.0 = Release|Any CPU
	EndGlobalSection
	GlobalSection(SolutionProperties) = preSolution
		HideSolutionNode = FALSE
	EndGlobalSection
	GlobalSection(ExtensibilityGlobals) = postSolution
		SolutionGuid = {0988699D-A24B-445B-A9D4-A0FB7A98426F}
	EndGlobalSection
EndGlobal
